
Microsoft Visual Studio Solution File, Format Version 12.00
# Visual Studio Version 17
VisualStudioVersion = 17.11.35312.102
MinimumVisualStudioVersion = 10.0.40219.1
Project("{FAE04EC0-301F-11D3-BF4B-00C04F79EFBC}") = "BoardAPI", "BoardAPI\BoardAPI.csproj", "{024DFE6D-AFFA-469E-94B4-CF478932C718}"
EndProject
Global
	GlobalSection(SolutionConfigurationPlatforms) = preSolution
		Debug|Any CPU = Debug|Any CPU
		Release|Any CPU = Release|Any CPU
	EndGlobalSection
	GlobalSection(ProjectConfigurationPlatforms) = postSolution
		{024DFE6D-AFFA-469E-94B4-CF478932C718}.Debug|Any CPU.ActiveCfg = Debug|Any CPU
		{024DFE6D-AFFA-469E-94B4-CF478932C718}.Debug|Any CPU.Build.0 = Debug|Any CPU
		{024DFE6D-AFFA-469E-94B4-CF478932C718}.Release|Any CPU.ActiveCfg = Release|Any CPU
		{024DFE6D-AFFA-469E-94B4-CF478932C718}.Release|Any CPU.Build.0 = Release|Any CPU
	EndGlobalSection
	GlobalSection(SolutionProperties) = preSolution
		HideSolutionNode = FALSE
	EndGlobalSection
	GlobalSection(ExtensibilityGlobals) = postSolution
		SolutionGuid = {D89F4792-C55F-4DA6-B8D5-28DEEB0C5BE5}
	EndGlobalSection
EndGlobal
